// !$*UTF8*$!
{
	archiveVersion = 1;
	classes = {
	};
	objectVersion = 50;
	objects = {

/* Begin PBXBuildFile section */
		43C31C4AB91A4D68848CEBD2 /* Pods_InvestimentAppTests.framework in Frameworks */ = {isa = PBXBuildFile; fileRef = C4D76E182A164A76342DC7AD /* Pods_InvestimentAppTests.framework */; };
		58187BC323C436E8003B3FE5 /* InvestimentFormViewRouter.swift in Sources */ = {isa = PBXBuildFile; fileRef = 58187BC223C436E8003B3FE5 /* InvestimentFormViewRouter.swift */; };
		58187BC423C436E8003B3FE5 /* InvestimentFormViewRouter.swift in Sources */ = {isa = PBXBuildFile; fileRef = 58187BC223C436E8003B3FE5 /* InvestimentFormViewRouter.swift */; };
		581C306523C995A400D6C695 /* UITextField+Extension.swift in Sources */ = {isa = PBXBuildFile; fileRef = 581C306423C995A400D6C695 /* UITextField+Extension.swift */; };
		581C306723C995DC00D6C695 /* Double+Extension.swift in Sources */ = {isa = PBXBuildFile; fileRef = 581C306623C995DC00D6C695 /* Double+Extension.swift */; };
		584860D5239C3BAF0051F12E /* AppDelegate.swift in Sources */ = {isa = PBXBuildFile; fileRef = 584860D4239C3BAF0051F12E /* AppDelegate.swift */; };
		584860D7239C3BAF0051F12E /* SceneDelegate.swift in Sources */ = {isa = PBXBuildFile; fileRef = 584860D6239C3BAF0051F12E /* SceneDelegate.swift */; };
		584860DC239C3BAF0051F12E /* Main.storyboard in Resources */ = {isa = PBXBuildFile; fileRef = 584860DA239C3BAF0051F12E /* Main.storyboard */; };
		584860DE239C3BB20051F12E /* Assets.xcassets in Resources */ = {isa = PBXBuildFile; fileRef = 584860DD239C3BB20051F12E /* Assets.xcassets */; };
		584860E1239C3BB20051F12E /* LaunchScreen.storyboard in Resources */ = {isa = PBXBuildFile; fileRef = 584860DF239C3BB20051F12E /* LaunchScreen.storyboard */; };
		584860EC239C3BB20051F12E /* InvestimentAppTests.swift in Sources */ = {isa = PBXBuildFile; fileRef = 584860EB239C3BB20051F12E /* InvestimentAppTests.swift */; };
		5874BFFD23C6EA6200805595 /* Constants.swift in Sources */ = {isa = PBXBuildFile; fileRef = 5874BFFC23C6EA6200805595 /* Constants.swift */; };
		5874BFFE23C6EA6200805595 /* Constants.swift in Sources */ = {isa = PBXBuildFile; fileRef = 5874BFFC23C6EA6200805595 /* Constants.swift */; };
		5887922123C97EC3005ADC37 /* Investiment.json in Resources */ = {isa = PBXBuildFile; fileRef = 5887922023C97EC3005ADC37 /* Investiment.json */; };
		5887922223C985AB005ADC37 /* Investiment.json in Resources */ = {isa = PBXBuildFile; fileRef = 5887922023C97EC3005ADC37 /* Investiment.json */; };
		58ADB9D423A018D600E444D4 /* InvestimentFormPresenter.swift in Sources */ = {isa = PBXBuildFile; fileRef = 58ADB9D323A018D600E444D4 /* InvestimentFormPresenter.swift */; };
		58ADB9D523A018D600E444D4 /* InvestimentFormPresenter.swift in Sources */ = {isa = PBXBuildFile; fileRef = 58ADB9D323A018D600E444D4 /* InvestimentFormPresenter.swift */; };
		58ADB9D723A018E300E444D4 /* InvestimentFormInteractor.swift in Sources */ = {isa = PBXBuildFile; fileRef = 58ADB9D623A018E300E444D4 /* InvestimentFormInteractor.swift */; };
		58ADB9D823A018E300E444D4 /* InvestimentFormInteractor.swift in Sources */ = {isa = PBXBuildFile; fileRef = 58ADB9D623A018E300E444D4 /* InvestimentFormInteractor.swift */; };
		58ADB9DA23A018EF00E444D4 /* InvestimentFormWorker.swift in Sources */ = {isa = PBXBuildFile; fileRef = 58ADB9D923A018EF00E444D4 /* InvestimentFormWorker.swift */; };
		58ADB9DB23A018EF00E444D4 /* InvestimentFormWorker.swift in Sources */ = {isa = PBXBuildFile; fileRef = 58ADB9D923A018EF00E444D4 /* InvestimentFormWorker.swift */; };
		58ADB9DD23A03A4300E444D4 /* Utils.swift in Sources */ = {isa = PBXBuildFile; fileRef = 58ADB9DC23A03A4300E444D4 /* Utils.swift */; };
		58ADB9DE23A03A4300E444D4 /* Utils.swift in Sources */ = {isa = PBXBuildFile; fileRef = 58ADB9DC23A03A4300E444D4 /* Utils.swift */; };
		58ADB9E023A1958F00E444D4 /* InvestimentDetailsPresenter.swift in Sources */ = {isa = PBXBuildFile; fileRef = 58ADB9DF23A1958F00E444D4 /* InvestimentDetailsPresenter.swift */; };
		58ADB9E123A1958F00E444D4 /* InvestimentDetailsPresenter.swift in Sources */ = {isa = PBXBuildFile; fileRef = 58ADB9DF23A1958F00E444D4 /* InvestimentDetailsPresenter.swift */; };
		58E09FBD239F46B600581755 /* InvestimentFormViewController.swift in Sources */ = {isa = PBXBuildFile; fileRef = 58E09FBC239F46B600581755 /* InvestimentFormViewController.swift */; };
		58E09FBE239F46B700581755 /* InvestimentFormViewController.swift in Sources */ = {isa = PBXBuildFile; fileRef = 58E09FBC239F46B600581755 /* InvestimentFormViewController.swift */; };
		58E09FC0239F46E800581755 /* InvestimentDetailsViewController.swift in Sources */ = {isa = PBXBuildFile; fileRef = 58E09FBF239F46E800581755 /* InvestimentDetailsViewController.swift */; };
		58E09FC1239F46E800581755 /* InvestimentDetailsViewController.swift in Sources */ = {isa = PBXBuildFile; fileRef = 58E09FBF239F46E800581755 /* InvestimentDetailsViewController.swift */; };
		58E09FC8239F4AA800581755 /* InvestimentDetailsTableViewCell.swift in Sources */ = {isa = PBXBuildFile; fileRef = 58E09FC6239F4AA800581755 /* InvestimentDetailsTableViewCell.swift */; };
		58E09FC9239F4AA800581755 /* InvestimentDetailsTableViewCell.swift in Sources */ = {isa = PBXBuildFile; fileRef = 58E09FC6239F4AA800581755 /* InvestimentDetailsTableViewCell.swift */; };
		58E09FCA239F4AA800581755 /* InvestimentDetailsTableViewCell.xib in Resources */ = {isa = PBXBuildFile; fileRef = 58E09FC7239F4AA800581755 /* InvestimentDetailsTableViewCell.xib */; };
		58E09FCB239F4AA800581755 /* InvestimentDetailsTableViewCell.xib in Resources */ = {isa = PBXBuildFile; fileRef = 58E09FC7239F4AA800581755 /* InvestimentDetailsTableViewCell.xib */; };
		58E09FCE239F4E4700581755 /* Investiment.swift in Sources */ = {isa = PBXBuildFile; fileRef = 58E09FCD239F4E4700581755 /* Investiment.swift */; };
		58E09FCF239F4E4700581755 /* Investiment.swift in Sources */ = {isa = PBXBuildFile; fileRef = 58E09FCD239F4E4700581755 /* Investiment.swift */; };
		58E09FD2239F52D300581755 /* Endpoint.swift in Sources */ = {isa = PBXBuildFile; fileRef = 58E09FD1239F52D300581755 /* Endpoint.swift */; };
		58E09FD3239F52D300581755 /* Endpoint.swift in Sources */ = {isa = PBXBuildFile; fileRef = 58E09FD1239F52D300581755 /* Endpoint.swift */; };
		58E09FD5239F533F00581755 /* API.swift in Sources */ = {isa = PBXBuildFile; fileRef = 58E09FD4239F533F00581755 /* API.swift */; };
		58E09FD6239F533F00581755 /* API.swift in Sources */ = {isa = PBXBuildFile; fileRef = 58E09FD4239F533F00581755 /* API.swift */; };
		58E09FD8239F546600581755 /* Request.swift in Sources */ = {isa = PBXBuildFile; fileRef = 58E09FD7239F546600581755 /* Request.swift */; };
		58E09FD9239F546600581755 /* Request.swift in Sources */ = {isa = PBXBuildFile; fileRef = 58E09FD7239F546600581755 /* Request.swift */; };
		BBC4C37A62D8150D94D6342A /* Pods_InvestimentApp.framework in Frameworks */ = {isa = PBXBuildFile; fileRef = 7656407E44847142296312B6 /* Pods_InvestimentApp.framework */; };
/* End PBXBuildFile section */

/* Begin PBXContainerItemProxy section */
		584860E8239C3BB20051F12E /* PBXContainerItemProxy */ = {
			isa = PBXContainerItemProxy;
			containerPortal = 584860C9239C3BAF0051F12E /* Project object */;
			proxyType = 1;
			remoteGlobalIDString = 584860D0239C3BAF0051F12E;
			remoteInfo = InvestimentApp;
		};
/* End PBXContainerItemProxy section */

/* Begin PBXFileReference section */
		304EF858873192F12E87E980 /* Pods-InvestimentApp.debug.xcconfig */ = {isa = PBXFileReference; includeInIndex = 1; lastKnownFileType = text.xcconfig; name = "Pods-InvestimentApp.debug.xcconfig"; path = "Pods/Target Support Files/Pods-InvestimentApp/Pods-InvestimentApp.debug.xcconfig"; sourceTree = "<group>"; };
		308CBB82D229806CC36A5A9E /* Pods-InvestimentAppTests.debug.xcconfig */ = {isa = PBXFileReference; includeInIndex = 1; lastKnownFileType = text.xcconfig; name = "Pods-InvestimentAppTests.debug.xcconfig"; path = "Pods/Target Support Files/Pods-InvestimentAppTests/Pods-InvestimentAppTests.debug.xcconfig"; sourceTree = "<group>"; };
		33F015C324C6724246A14384 /* Pods-InvestimentAppTests.release.xcconfig */ = {isa = PBXFileReference; includeInIndex = 1; lastKnownFileType = text.xcconfig; name = "Pods-InvestimentAppTests.release.xcconfig"; path = "Pods/Target Support Files/Pods-InvestimentAppTests/Pods-InvestimentAppTests.release.xcconfig"; sourceTree = "<group>"; };
		58187BC223C436E8003B3FE5 /* InvestimentFormViewRouter.swift */ = {isa = PBXFileReference; lastKnownFileType = sourcecode.swift; path = InvestimentFormViewRouter.swift; sourceTree = "<group>"; };
		581C306423C995A400D6C695 /* UITextField+Extension.swift */ = {isa = PBXFileReference; lastKnownFileType = sourcecode.swift; path = "UITextField+Extension.swift"; sourceTree = "<group>"; };
		581C306623C995DC00D6C695 /* Double+Extension.swift */ = {isa = PBXFileReference; lastKnownFileType = sourcecode.swift; path = "Double+Extension.swift"; sourceTree = "<group>"; };
		584860D1239C3BAF0051F12E /* InvestimentApp.app */ = {isa = PBXFileReference; explicitFileType = wrapper.application; includeInIndex = 0; path = InvestimentApp.app; sourceTree = BUILT_PRODUCTS_DIR; };
		584860D4239C3BAF0051F12E /* AppDelegate.swift */ = {isa = PBXFileReference; lastKnownFileType = sourcecode.swift; path = AppDelegate.swift; sourceTree = "<group>"; };
		584860D6239C3BAF0051F12E /* SceneDelegate.swift */ = {isa = PBXFileReference; lastKnownFileType = sourcecode.swift; path = SceneDelegate.swift; sourceTree = "<group>"; };
		584860DB239C3BAF0051F12E /* Base */ = {isa = PBXFileReference; lastKnownFileType = file.storyboard; name = Base; path = Base.lproj/Main.storyboard; sourceTree = "<group>"; };
		584860DD239C3BB20051F12E /* Assets.xcassets */ = {isa = PBXFileReference; lastKnownFileType = folder.assetcatalog; path = Assets.xcassets; sourceTree = "<group>"; };
		584860E0239C3BB20051F12E /* Base */ = {isa = PBXFileReference; lastKnownFileType = file.storyboard; name = Base; path = Base.lproj/LaunchScreen.storyboard; sourceTree = "<group>"; };
		584860E2239C3BB20051F12E /* Info.plist */ = {isa = PBXFileReference; lastKnownFileType = text.plist.xml; path = Info.plist; sourceTree = "<group>"; };
		584860E7239C3BB20051F12E /* InvestimentAppTests.xctest */ = {isa = PBXFileReference; explicitFileType = wrapper.cfbundle; includeInIndex = 0; path = InvestimentAppTests.xctest; sourceTree = BUILT_PRODUCTS_DIR; };
		584860EB239C3BB20051F12E /* InvestimentAppTests.swift */ = {isa = PBXFileReference; lastKnownFileType = sourcecode.swift; path = InvestimentAppTests.swift; sourceTree = "<group>"; };
		584860ED239C3BB20051F12E /* Info.plist */ = {isa = PBXFileReference; lastKnownFileType = text.plist.xml; path = Info.plist; sourceTree = "<group>"; };
		5874BFFC23C6EA6200805595 /* Constants.swift */ = {isa = PBXFileReference; lastKnownFileType = sourcecode.swift; path = Constants.swift; sourceTree = "<group>"; };
		5887922023C97EC3005ADC37 /* Investiment.json */ = {isa = PBXFileReference; lastKnownFileType = text.json; path = Investiment.json; sourceTree = "<group>"; };
		58ADB9D323A018D600E444D4 /* InvestimentFormPresenter.swift */ = {isa = PBXFileReference; lastKnownFileType = sourcecode.swift; path = InvestimentFormPresenter.swift; sourceTree = "<group>"; };
		58ADB9D623A018E300E444D4 /* InvestimentFormInteractor.swift */ = {isa = PBXFileReference; lastKnownFileType = sourcecode.swift; path = InvestimentFormInteractor.swift; sourceTree = "<group>"; };
		58ADB9D923A018EF00E444D4 /* InvestimentFormWorker.swift */ = {isa = PBXFileReference; lastKnownFileType = sourcecode.swift; path = InvestimentFormWorker.swift; sourceTree = "<group>"; };
		58ADB9DC23A03A4300E444D4 /* Utils.swift */ = {isa = PBXFileReference; lastKnownFileType = sourcecode.swift; path = Utils.swift; sourceTree = "<group>"; };
		58ADB9DF23A1958F00E444D4 /* InvestimentDetailsPresenter.swift */ = {isa = PBXFileReference; lastKnownFileType = sourcecode.swift; path = InvestimentDetailsPresenter.swift; sourceTree = "<group>"; };
		58E09FBC239F46B600581755 /* InvestimentFormViewController.swift */ = {isa = PBXFileReference; lastKnownFileType = sourcecode.swift; path = InvestimentFormViewController.swift; sourceTree = "<group>"; };
		58E09FBF239F46E800581755 /* InvestimentDetailsViewController.swift */ = {isa = PBXFileReference; lastKnownFileType = sourcecode.swift; path = InvestimentDetailsViewController.swift; sourceTree = "<group>"; };
		58E09FC6239F4AA800581755 /* InvestimentDetailsTableViewCell.swift */ = {isa = PBXFileReference; lastKnownFileType = sourcecode.swift; path = InvestimentDetailsTableViewCell.swift; sourceTree = "<group>"; };
		58E09FC7239F4AA800581755 /* InvestimentDetailsTableViewCell.xib */ = {isa = PBXFileReference; lastKnownFileType = file.xib; path = InvestimentDetailsTableViewCell.xib; sourceTree = "<group>"; };
		58E09FCD239F4E4700581755 /* Investiment.swift */ = {isa = PBXFileReference; lastKnownFileType = sourcecode.swift; path = Investiment.swift; sourceTree = "<group>"; };
		58E09FD1239F52D300581755 /* Endpoint.swift */ = {isa = PBXFileReference; lastKnownFileType = sourcecode.swift; path = Endpoint.swift; sourceTree = "<group>"; };
		58E09FD4239F533F00581755 /* API.swift */ = {isa = PBXFileReference; lastKnownFileType = sourcecode.swift; path = API.swift; sourceTree = "<group>"; };
		58E09FD7239F546600581755 /* Request.swift */ = {isa = PBXFileReference; lastKnownFileType = sourcecode.swift; path = Request.swift; sourceTree = "<group>"; };
		7656407E44847142296312B6 /* Pods_InvestimentApp.framework */ = {isa = PBXFileReference; explicitFileType = wrapper.framework; includeInIndex = 0; path = Pods_InvestimentApp.framework; sourceTree = BUILT_PRODUCTS_DIR; };
		C4D76E182A164A76342DC7AD /* Pods_InvestimentAppTests.framework */ = {isa = PBXFileReference; explicitFileType = wrapper.framework; includeInIndex = 0; path = Pods_InvestimentAppTests.framework; sourceTree = BUILT_PRODUCTS_DIR; };
		DE0263DBB3F5F5102D7A4715 /* Pods-InvestimentApp.release.xcconfig */ = {isa = PBXFileReference; includeInIndex = 1; lastKnownFileType = text.xcconfig; name = "Pods-InvestimentApp.release.xcconfig"; path = "Pods/Target Support Files/Pods-InvestimentApp/Pods-InvestimentApp.release.xcconfig"; sourceTree = "<group>"; };
/* End PBXFileReference section */

/* Begin PBXFrameworksBuildPhase section */
		584860CE239C3BAF0051F12E /* Frameworks */ = {
			isa = PBXFrameworksBuildPhase;
			buildActionMask = 2147483647;
			files = (
				BBC4C37A62D8150D94D6342A /* Pods_InvestimentApp.framework in Frameworks */,
			);
			runOnlyForDeploymentPostprocessing = 0;
		};
		584860E4239C3BB20051F12E /* Frameworks */ = {
			isa = PBXFrameworksBuildPhase;
			buildActionMask = 2147483647;
			files = (
				43C31C4AB91A4D68848CEBD2 /* Pods_InvestimentAppTests.framework in Frameworks */,
			);
			runOnlyForDeploymentPostprocessing = 0;
		};
/* End PBXFrameworksBuildPhase section */

/* Begin PBXGroup section */
		0E6545E7BD8790DBC7151897 /* Frameworks */ = {
			isa = PBXGroup;
			children = (
				7656407E44847142296312B6 /* Pods_InvestimentApp.framework */,
				C4D76E182A164A76342DC7AD /* Pods_InvestimentAppTests.framework */,
			);
			name = Frameworks;
			sourceTree = "<group>";
		};
		581C306823C9963800D6C695 /* Extensions */ = {
			isa = PBXGroup;
			children = (
				581C306423C995A400D6C695 /* UITextField+Extension.swift */,
				581C306623C995DC00D6C695 /* Double+Extension.swift */,
			);
			path = Extensions;
			sourceTree = "<group>";
		};
		584860C8239C3BAF0051F12E = {
			isa = PBXGroup;
			children = (
				584860D3239C3BAF0051F12E /* InvestimentApp */,
				584860EA239C3BB20051F12E /* InvestimentAppTests */,
				584860D2239C3BAF0051F12E /* Products */,
				9AF5E0E212DB817EB98A30BA /* Pods */,
				0E6545E7BD8790DBC7151897 /* Frameworks */,
			);
			sourceTree = "<group>";
		};
		584860D2239C3BAF0051F12E /* Products */ = {
			isa = PBXGroup;
			children = (
				584860D1239C3BAF0051F12E /* InvestimentApp.app */,
				584860E7239C3BB20051F12E /* InvestimentAppTests.xctest */,
			);
			name = Products;
			sourceTree = "<group>";
		};
		584860D3239C3BAF0051F12E /* InvestimentApp */ = {
			isa = PBXGroup;
			children = (
				58E09FC4239F478800581755 /* App Start */,
				58E09FD0239F4F8600581755 /* Model */,
				58E09FC5239F479500581755 /* View */,
				58E09FC2239F472600581755 /* InvestimentFormScenes */,
				58E09FC3239F473300581755 /* InvestimentDetailsScenes */,
				58E09FDA239F57EC00581755 /* Service */,
				5874BFF823C6D3C700805595 /* Utils */,
				584860DD239C3BB20051F12E /* Assets.xcassets */,
				584860E2239C3BB20051F12E /* Info.plist */,
			);
			path = InvestimentApp;
			sourceTree = "<group>";
		};
		584860EA239C3BB20051F12E /* InvestimentAppTests */ = {
			isa = PBXGroup;
			children = (
				584860EB239C3BB20051F12E /* InvestimentAppTests.swift */,
				584860ED239C3BB20051F12E /* Info.plist */,
			);
			path = InvestimentAppTests;
			sourceTree = "<group>";
		};
		5874BFF823C6D3C700805595 /* Utils */ = {
			isa = PBXGroup;
			children = (
				58ADB9DC23A03A4300E444D4 /* Utils.swift */,
				5874BFFC23C6EA6200805595 /* Constants.swift */,
				581C306823C9963800D6C695 /* Extensions */,
			);
			path = Utils;
			sourceTree = "<group>";
		};
		58E09FC2239F472600581755 /* InvestimentFormScenes */ = {
			isa = PBXGroup;
			children = (
				58E09FBC239F46B600581755 /* InvestimentFormViewController.swift */,
				58ADB9D323A018D600E444D4 /* InvestimentFormPresenter.swift */,
				58ADB9D623A018E300E444D4 /* InvestimentFormInteractor.swift */,
				58ADB9D923A018EF00E444D4 /* InvestimentFormWorker.swift */,
				58187BC223C436E8003B3FE5 /* InvestimentFormViewRouter.swift */,
			);
			path = InvestimentFormScenes;
			sourceTree = "<group>";
		};
		58E09FC3239F473300581755 /* InvestimentDetailsScenes */ = {
			isa = PBXGroup;
			children = (
				58E09FCC239F4AC000581755 /* Cell */,
				58E09FBF239F46E800581755 /* InvestimentDetailsViewController.swift */,
				58ADB9DF23A1958F00E444D4 /* InvestimentDetailsPresenter.swift */,
			);
			path = InvestimentDetailsScenes;
			sourceTree = "<group>";
		};
		58E09FC4239F478800581755 /* App Start */ = {
			isa = PBXGroup;
			children = (
				584860D4239C3BAF0051F12E /* AppDelegate.swift */,
				584860D6239C3BAF0051F12E /* SceneDelegate.swift */,
			);
			path = "App Start";
			sourceTree = "<group>";
		};
		58E09FC5239F479500581755 /* View */ = {
			isa = PBXGroup;
			children = (
				584860DA239C3BAF0051F12E /* Main.storyboard */,
				584860DF239C3BB20051F12E /* LaunchScreen.storyboard */,
			);
			path = View;
			sourceTree = "<group>";
		};
		58E09FCC239F4AC000581755 /* Cell */ = {
			isa = PBXGroup;
			children = (
				58E09FC7239F4AA800581755 /* InvestimentDetailsTableViewCell.xib */,
				58E09FC6239F4AA800581755 /* InvestimentDetailsTableViewCell.swift */,
			);
			path = Cell;
			sourceTree = "<group>";
		};
		58E09FD0239F4F8600581755 /* Model */ = {
			isa = PBXGroup;
			children = (
				58E09FCD239F4E4700581755 /* Investiment.swift */,
				58E09FD7239F546600581755 /* Request.swift */,
			);
			path = Model;
			sourceTree = "<group>";
		};
		58E09FDA239F57EC00581755 /* Service */ = {
			isa = PBXGroup;
			children = (
				58E09FD1239F52D300581755 /* Endpoint.swift */,
				58E09FD4239F533F00581755 /* API.swift */,
				5887922023C97EC3005ADC37 /* Investiment.json */,
			);
			path = Service;
			sourceTree = "<group>";
		};
		9AF5E0E212DB817EB98A30BA /* Pods */ = {
			isa = PBXGroup;
			children = (
				304EF858873192F12E87E980 /* Pods-InvestimentApp.debug.xcconfig */,
				DE0263DBB3F5F5102D7A4715 /* Pods-InvestimentApp.release.xcconfig */,
				308CBB82D229806CC36A5A9E /* Pods-InvestimentAppTests.debug.xcconfig */,
				33F015C324C6724246A14384 /* Pods-InvestimentAppTests.release.xcconfig */,
			);
			name = Pods;
			sourceTree = "<group>";
		};
/* End PBXGroup section */

/* Begin PBXNativeTarget section */
		584860D0239C3BAF0051F12E /* InvestimentApp */ = {
			isa = PBXNativeTarget;
			buildConfigurationList = 584860F0239C3BB20051F12E /* Build configuration list for PBXNativeTarget "InvestimentApp" */;
			buildPhases = (
				C1312BED88A45806FDAD5C05 /* [CP] Check Pods Manifest.lock */,
				584860CD239C3BAF0051F12E /* Sources */,
				584860CE239C3BAF0051F12E /* Frameworks */,
				584860CF239C3BAF0051F12E /* Resources */,
				5887921923C8323F005ADC37 /* ShellScript */,
			);
			buildRules = (
			);
			dependencies = (
			);
			name = InvestimentApp;
			productName = InvestimentApp;
			productReference = 584860D1239C3BAF0051F12E /* InvestimentApp.app */;
			productType = "com.apple.product-type.application";
		};
		584860E6239C3BB20051F12E /* InvestimentAppTests */ = {
			isa = PBXNativeTarget;
			buildConfigurationList = 584860F3239C3BB20051F12E /* Build configuration list for PBXNativeTarget "InvestimentAppTests" */;
			buildPhases = (
				9418F179BA739F053A1BAC51 /* [CP] Check Pods Manifest.lock */,
				584860E3239C3BB20051F12E /* Sources */,
				584860E4239C3BB20051F12E /* Frameworks */,
				584860E5239C3BB20051F12E /* Resources */,
			);
			buildRules = (
			);
			dependencies = (
				584860E9239C3BB20051F12E /* PBXTargetDependency */,
			);
			name = InvestimentAppTests;
			productName = InvestimentAppTests;
			productReference = 584860E7239C3BB20051F12E /* InvestimentAppTests.xctest */;
			productType = "com.apple.product-type.bundle.unit-test";
		};
/* End PBXNativeTarget section */

/* Begin PBXProject section */
		584860C9239C3BAF0051F12E /* Project object */ = {
			isa = PBXProject;
			attributes = {
				LastSwiftUpdateCheck = 1120;
				LastUpgradeCheck = 1120;
				ORGANIZATIONNAME = israel3D;
				TargetAttributes = {
					584860D0239C3BAF0051F12E = {
						CreatedOnToolsVersion = 11.2.1;
					};
					584860E6239C3BB20051F12E = {
						CreatedOnToolsVersion = 11.2.1;
						TestTargetID = 584860D0239C3BAF0051F12E;
					};
				};
			};
			buildConfigurationList = 584860CC239C3BAF0051F12E /* Build configuration list for PBXProject "InvestimentApp" */;
			compatibilityVersion = "Xcode 9.3";
			developmentRegion = en;
			hasScannedForEncodings = 0;
			knownRegions = (
				en,
				Base,
			);
			mainGroup = 584860C8239C3BAF0051F12E;
			productRefGroup = 584860D2239C3BAF0051F12E /* Products */;
			projectDirPath = "";
			projectRoot = "";
			targets = (
				584860D0239C3BAF0051F12E /* InvestimentApp */,
				584860E6239C3BB20051F12E /* InvestimentAppTests */,
			);
		};
/* End PBXProject section */

/* Begin PBXResourcesBuildPhase section */
		584860CF239C3BAF0051F12E /* Resources */ = {
			isa = PBXResourcesBuildPhase;
			buildActionMask = 2147483647;
			files = (
				584860E1239C3BB20051F12E /* LaunchScreen.storyboard in Resources */,
				584860DE239C3BB20051F12E /* Assets.xcassets in Resources */,
				584860DC239C3BAF0051F12E /* Main.storyboard in Resources */,
				5887922223C985AB005ADC37 /* Investiment.json in Resources */,
				58E09FCA239F4AA800581755 /* InvestimentDetailsTableViewCell.xib in Resources */,
			);
			runOnlyForDeploymentPostprocessing = 0;
		};
		584860E5239C3BB20051F12E /* Resources */ = {
			isa = PBXResourcesBuildPhase;
			buildActionMask = 2147483647;
			files = (
				5887922123C97EC3005ADC37 /* Investiment.json in Resources */,
				58E09FCB239F4AA800581755 /* InvestimentDetailsTableViewCell.xib in Resources */,
			);
			runOnlyForDeploymentPostprocessing = 0;
		};
/* End PBXResourcesBuildPhase section */

/* Begin PBXShellScriptBuildPhase section */
		5887921923C8323F005ADC37 /* ShellScript */ = {
			isa = PBXShellScriptBuildPhase;
			buildActionMask = 2147483647;
			files = (
			);
			inputFileListPaths = (
			);
			inputPaths = (
			);
			outputFileListPaths = (
			);
			outputPaths = (
			);
			runOnlyForDeploymentPostprocessing = 0;
			shellPath = /bin/sh;
			shellScript = "\"${PODS_ROOT}/SwiftLint/swiftlint\"\n";
		};
		9418F179BA739F053A1BAC51 /* [CP] Check Pods Manifest.lock */ = {
			isa = PBXShellScriptBuildPhase;
			buildActionMask = 2147483647;
			files = (
			);
			inputFileListPaths = (
			);
			inputPaths = (
				"${PODS_PODFILE_DIR_PATH}/Podfile.lock",
				"${PODS_ROOT}/Manifest.lock",
			);
			name = "[CP] Check Pods Manifest.lock";
			outputFileListPaths = (
			);
			outputPaths = (
				"$(DERIVED_FILE_DIR)/Pods-InvestimentAppTests-checkManifestLockResult.txt",
			);
			runOnlyForDeploymentPostprocessing = 0;
			shellPath = /bin/sh;
			shellScript = "diff \"${PODS_PODFILE_DIR_PATH}/Podfile.lock\" \"${PODS_ROOT}/Manifest.lock\" > /dev/null\nif [ $? != 0 ] ; then\n    # print error to STDERR\n    echo \"error: The sandbox is not in sync with the Podfile.lock. Run 'pod install' or update your CocoaPods installation.\" >&2\n    exit 1\nfi\n# This output is used by Xcode 'outputs' to avoid re-running this script phase.\necho \"SUCCESS\" > \"${SCRIPT_OUTPUT_FILE_0}\"\n";
			showEnvVarsInLog = 0;
		};
		C1312BED88A45806FDAD5C05 /* [CP] Check Pods Manifest.lock */ = {
			isa = PBXShellScriptBuildPhase;
			buildActionMask = 2147483647;
			files = (
			);
			inputFileListPaths = (
			);
			inputPaths = (
				"${PODS_PODFILE_DIR_PATH}/Podfile.lock",
				"${PODS_ROOT}/Manifest.lock",
			);
			name = "[CP] Check Pods Manifest.lock";
			outputFileListPaths = (
			);
			outputPaths = (
				"$(DERIVED_FILE_DIR)/Pods-InvestimentApp-checkManifestLockResult.txt",
			);
			runOnlyForDeploymentPostprocessing = 0;
			shellPath = /bin/sh;
			shellScript = "diff \"${PODS_PODFILE_DIR_PATH}/Podfile.lock\" \"${PODS_ROOT}/Manifest.lock\" > /dev/null\nif [ $? != 0 ] ; then\n    # print error to STDERR\n    echo \"error: The sandbox is not in sync with the Podfile.lock. Run 'pod install' or update your CocoaPods installation.\" >&2\n    exit 1\nfi\n# This output is used by Xcode 'outputs' to avoid re-running this script phase.\necho \"SUCCESS\" > \"${SCRIPT_OUTPUT_FILE_0}\"\n";
			showEnvVarsInLog = 0;
		};
/* End PBXShellScriptBuildPhase section */

/* Begin PBXSourcesBuildPhase section */
		584860CD239C3BAF0051F12E /* Sources */ = {
			isa = PBXSourcesBuildPhase;
			buildActionMask = 2147483647;
			files = (
				58E09FD2239F52D300581755 /* Endpoint.swift in Sources */,
				58E09FC8239F4AA800581755 /* InvestimentDetailsTableViewCell.swift in Sources */,
				581C306723C995DC00D6C695 /* Double+Extension.swift in Sources */,
				58ADB9E023A1958F00E444D4 /* InvestimentDetailsPresenter.swift in Sources */,
				584860D5239C3BAF0051F12E /* AppDelegate.swift in Sources */,
				58ADB9D423A018D600E444D4 /* InvestimentFormPresenter.swift in Sources */,
				58187BC323C436E8003B3FE5 /* InvestimentFormViewRouter.swift in Sources */,
				58E09FC0239F46E800581755 /* InvestimentDetailsViewController.swift in Sources */,
				5874BFFD23C6EA6200805595 /* Constants.swift in Sources */,
				58ADB9DD23A03A4300E444D4 /* Utils.swift in Sources */,
				58E09FBD239F46B600581755 /* InvestimentFormViewController.swift in Sources */,
				58E09FCE239F4E4700581755 /* Investiment.swift in Sources */,
				58E09FD5239F533F00581755 /* API.swift in Sources */,
				58E09FD8239F546600581755 /* Request.swift in Sources */,
				584860D7239C3BAF0051F12E /* SceneDelegate.swift in Sources */,
				58ADB9DA23A018EF00E444D4 /* InvestimentFormWorker.swift in Sources */,
				58ADB9D723A018E300E444D4 /* InvestimentFormInteractor.swift in Sources */,
				581C306523C995A400D6C695 /* UITextField+Extension.swift in Sources */,
			);
			runOnlyForDeploymentPostprocessing = 0;
		};
		584860E3239C3BB20051F12E /* Sources */ = {
			isa = PBXSourcesBuildPhase;
			buildActionMask = 2147483647;
			files = (
				58E09FC1239F46E800581755 /* InvestimentDetailsViewController.swift in Sources */,
				58ADB9E123A1958F00E444D4 /* InvestimentDetailsPresenter.swift in Sources */,
				58ADB9DB23A018EF00E444D4 /* InvestimentFormWorker.swift in Sources */,
				58ADB9D823A018E300E444D4 /* InvestimentFormInteractor.swift in Sources */,
				58187BC423C436E8003B3FE5 /* InvestimentFormViewRouter.swift in Sources */,
				5874BFFE23C6EA6200805595 /* Constants.swift in Sources */,
				58ADB9D523A018D600E444D4 /* InvestimentFormPresenter.swift in Sources */,
				58E09FD9239F546600581755 /* Request.swift in Sources */,
				58E09FBE239F46B700581755 /* InvestimentFormViewController.swift in Sources */,
				58E09FCF239F4E4700581755 /* Investiment.swift in Sources */,
				584860EC239C3BB20051F12E /* InvestimentAppTests.swift in Sources */,
				58E09FD3239F52D300581755 /* Endpoint.swift in Sources */,
				58E09FC9239F4AA800581755 /* InvestimentDetailsTableViewCell.swift in Sources */,
				58E09FD6239F533F00581755 /* API.swift in Sources */,
				58ADB9DE23A03A4300E444D4 /* Utils.swift in Sources */,
			);
			runOnlyForDeploymentPostprocessing = 0;
		};
/* End PBXSourcesBuildPhase section */

/* Begin PBXTargetDependency section */
		584860E9239C3BB20051F12E /* PBXTargetDependency */ = {
			isa = PBXTargetDependency;
			target = 584860D0239C3BAF0051F12E /* InvestimentApp */;
			targetProxy = 584860E8239C3BB20051F12E /* PBXContainerItemProxy */;
		};
/* End PBXTargetDependency section */

/* Begin PBXVariantGroup section */
		584860DA239C3BAF0051F12E /* Main.storyboard */ = {
			isa = PBXVariantGroup;
			children = (
				584860DB239C3BAF0051F12E /* Base */,
			);
			name = Main.storyboard;
			sourceTree = "<group>";
		};
		584860DF239C3BB20051F12E /* LaunchScreen.storyboard */ = {
			isa = PBXVariantGroup;
			children = (
				584860E0239C3BB20051F12E /* Base */,
			);
			name = LaunchScreen.storyboard;
			sourceTree = "<group>";
		};
/* End PBXVariantGroup section */

/* Begin XCBuildConfiguration section */
		584860EE239C3BB20051F12E /* Debug */ = {
			isa = XCBuildConfiguration;
			buildSettings = {
				ALWAYS_SEARCH_USER_PATHS = NO;
				CLANG_ANALYZER_NONNULL = YES;
				CLANG_ANALYZER_NUMBER_OBJECT_CONVERSION = YES_AGGRESSIVE;
				CLANG_CXX_LANGUAGE_STANDARD = "gnu++14";
				CLANG_CXX_LIBRARY = "libc++";
				CLANG_ENABLE_MODULES = YES;
				CLANG_ENABLE_OBJC_ARC = YES;
				CLANG_ENABLE_OBJC_WEAK = YES;
				CLANG_WARN_BLOCK_CAPTURE_AUTORELEASING = YES;
				CLANG_WARN_BOOL_CONVERSION = YES;
				CLANG_WARN_COMMA = YES;
				CLANG_WARN_CONSTANT_CONVERSION = YES;
				CLANG_WARN_DEPRECATED_OBJC_IMPLEMENTATIONS = YES;
				CLANG_WARN_DIRECT_OBJC_ISA_USAGE = YES_ERROR;
				CLANG_WARN_DOCUMENTATION_COMMENTS = YES;
				CLANG_WARN_EMPTY_BODY = YES;
				CLANG_WARN_ENUM_CONVERSION = YES;
				CLANG_WARN_INFINITE_RECURSION = YES;
				CLANG_WARN_INT_CONVERSION = YES;
				CLANG_WARN_NON_LITERAL_NULL_CONVERSION = YES;
				CLANG_WARN_OBJC_IMPLICIT_RETAIN_SELF = YES;
				CLANG_WARN_OBJC_LITERAL_CONVERSION = YES;
				CLANG_WARN_OBJC_ROOT_CLASS = YES_ERROR;
				CLANG_WARN_RANGE_LOOP_ANALYSIS = YES;
				CLANG_WARN_STRICT_PROTOTYPES = YES;
				CLANG_WARN_SUSPICIOUS_MOVE = YES;
				CLANG_WARN_UNGUARDED_AVAILABILITY = YES_AGGRESSIVE;
				CLANG_WARN_UNREACHABLE_CODE = YES;
				CLANG_WARN__DUPLICATE_METHOD_MATCH = YES;
				COPY_PHASE_STRIP = NO;
				DEBUG_INFORMATION_FORMAT = dwarf;
				ENABLE_STRICT_OBJC_MSGSEND = YES;
				ENABLE_TESTABILITY = YES;
				GCC_C_LANGUAGE_STANDARD = gnu11;
				GCC_DYNAMIC_NO_PIC = NO;
				GCC_NO_COMMON_BLOCKS = YES;
				GCC_OPTIMIZATION_LEVEL = 0;
				GCC_PREPROCESSOR_DEFINITIONS = (
					"DEBUG=1",
					"$(inherited)",
				);
				GCC_WARN_64_TO_32_BIT_CONVERSION = YES;
				GCC_WARN_ABOUT_RETURN_TYPE = YES_ERROR;
				GCC_WARN_UNDECLARED_SELECTOR = YES;
				GCC_WARN_UNINITIALIZED_AUTOS = YES_AGGRESSIVE;
				GCC_WARN_UNUSED_FUNCTION = YES;
				GCC_WARN_UNUSED_VARIABLE = YES;
				IPHONEOS_DEPLOYMENT_TARGET = 11.0;
				MTL_ENABLE_DEBUG_INFO = INCLUDE_SOURCE;
				MTL_FAST_MATH = YES;
				ONLY_ACTIVE_ARCH = YES;
				SDKROOT = iphoneos;
				SWIFT_ACTIVE_COMPILATION_CONDITIONS = DEBUG;
				SWIFT_OPTIMIZATION_LEVEL = "-Onone";
			};
			name = Debug;
		};
		584860EF239C3BB20051F12E /* Release */ = {
			isa = XCBuildConfiguration;
			buildSettings = {
				ALWAYS_SEARCH_USER_PATHS = NO;
				CLANG_ANALYZER_NONNULL = YES;
				CLANG_ANALYZER_NUMBER_OBJECT_CONVERSION = YES_AGGRESSIVE;
				CLANG_CXX_LANGUAGE_STANDARD = "gnu++14";
				CLANG_CXX_LIBRARY = "libc++";
				CLANG_ENABLE_MODULES = YES;
				CLANG_ENABLE_OBJC_ARC = YES;
				CLANG_ENABLE_OBJC_WEAK = YES;
				CLANG_WARN_BLOCK_CAPTURE_AUTORELEASING = YES;
				CLANG_WARN_BOOL_CONVERSION = YES;
				CLANG_WARN_COMMA = YES;
				CLANG_WARN_CONSTANT_CONVERSION = YES;
				CLANG_WARN_DEPRECATED_OBJC_IMPLEMENTATIONS = YES;
				CLANG_WARN_DIRECT_OBJC_ISA_USAGE = YES_ERROR;
				CLANG_WARN_DOCUMENTATION_COMMENTS = YES;
				CLANG_WARN_EMPTY_BODY = YES;
				CLANG_WARN_ENUM_CONVERSION = YES;
				CLANG_WARN_INFINITE_RECURSION = YES;
				CLANG_WARN_INT_CONVERSION = YES;
				CLANG_WARN_NON_LITERAL_NULL_CONVERSION = YES;
				CLANG_WARN_OBJC_IMPLICIT_RETAIN_SELF = YES;
				CLANG_WARN_OBJC_LITERAL_CONVERSION = YES;
				CLANG_WARN_OBJC_ROOT_CLASS = YES_ERROR;
				CLANG_WARN_RANGE_LOOP_ANALYSIS = YES;
				CLANG_WARN_STRICT_PROTOTYPES = YES;
				CLANG_WARN_SUSPICIOUS_MOVE = YES;
				CLANG_WARN_UNGUARDED_AVAILABILITY = YES_AGGRESSIVE;
				CLANG_WARN_UNREACHABLE_CODE = YES;
				CLANG_WARN__DUPLICATE_METHOD_MATCH = YES;
				COPY_PHASE_STRIP = NO;
				DEBUG_INFORMATION_FORMAT = "dwarf-with-dsym";
				ENABLE_NS_ASSERTIONS = NO;
				ENABLE_STRICT_OBJC_MSGSEND = YES;
				GCC_C_LANGUAGE_STANDARD = gnu11;
				GCC_NO_COMMON_BLOCKS = YES;
				GCC_WARN_64_TO_32_BIT_CONVERSION = YES;
				GCC_WARN_ABOUT_RETURN_TYPE = YES_ERROR;
				GCC_WARN_UNDECLARED_SELECTOR = YES;
				GCC_WARN_UNINITIALIZED_AUTOS = YES_AGGRESSIVE;
				GCC_WARN_UNUSED_FUNCTION = YES;
				GCC_WARN_UNUSED_VARIABLE = YES;
				IPHONEOS_DEPLOYMENT_TARGET = 11.0;
				MTL_ENABLE_DEBUG_INFO = NO;
				MTL_FAST_MATH = YES;
				SDKROOT = iphoneos;
				SWIFT_COMPILATION_MODE = wholemodule;
				SWIFT_OPTIMIZATION_LEVEL = "-O";
				VALIDATE_PRODUCT = YES;
			};
			name = Release;
		};
		584860F1239C3BB20051F12E /* Debug */ = {
			isa = XCBuildConfiguration;
			baseConfigurationReference = 304EF858873192F12E87E980 /* Pods-InvestimentApp.debug.xcconfig */;
			buildSettings = {
				ASSETCATALOG_COMPILER_APPICON_NAME = AppIcon;
				CODE_SIGN_STYLE = Automatic;
				DEVELOPMENT_TEAM = FPH78JW9WA;
				INFOPLIST_FILE = InvestimentApp/Info.plist;
				IPHONEOS_DEPLOYMENT_TARGET = 11.0;
				LD_RUNPATH_SEARCH_PATHS = (
					"$(inherited)",
					"@executable_path/Frameworks",
				);
				PRODUCT_BUNDLE_IDENTIFIER = com.israel3D.InvestimentApp;
				PRODUCT_NAME = "$(TARGET_NAME)";
				SWIFT_VERSION = 4.0;
				TARGETED_DEVICE_FAMILY = 1;
			};
			name = Debug;
		};
		584860F2239C3BB20051F12E /* Release */ = {
			isa = XCBuildConfiguration;
			baseConfigurationReference = DE0263DBB3F5F5102D7A4715 /* Pods-InvestimentApp.release.xcconfig */;
			buildSettings = {
				ASSETCATALOG_COMPILER_APPICON_NAME = AppIcon;
				CODE_SIGN_STYLE = Automatic;
				DEVELOPMENT_TEAM = FPH78JW9WA;
				INFOPLIST_FILE = InvestimentApp/Info.plist;
				IPHONEOS_DEPLOYMENT_TARGET = 11.0;
				LD_RUNPATH_SEARCH_PATHS = (
					"$(inherited)",
					"@executable_path/Frameworks",
				);
				PRODUCT_BUNDLE_IDENTIFIER = com.israel3D.InvestimentApp;
				PRODUCT_NAME = "$(TARGET_NAME)";
				SWIFT_VERSION = 4.0;
				TARGETED_DEVICE_FAMILY = 1;
			};
			name = Release;
		};
		584860F4239C3BB20051F12E /* Debug */ = {
			isa = XCBuildConfiguration;
			baseConfigurationReference = 308CBB82D229806CC36A5A9E /* Pods-InvestimentAppTests.debug.xcconfig */;
			buildSettings = {
				ALWAYS_EMBED_SWIFT_STANDARD_LIBRARIES = YES;
				BUNDLE_LOADER = "$(TEST_HOST)";
				CODE_SIGN_STYLE = Automatic;
				DEVELOPMENT_TEAM = FPH78JW9WA;
				INFOPLIST_FILE = InvestimentAppTests/Info.plist;
				IPHONEOS_DEPLOYMENT_TARGET = 13.2;
				LD_RUNPATH_SEARCH_PATHS = (
					"$(inherited)",
					"@executable_path/Frameworks",
					"@loader_path/Frameworks",
				);
				PRODUCT_BUNDLE_IDENTIFIER = com.israel3D.InvestimentAppTests;
				PRODUCT_NAME = "$(TARGET_NAME)";
				SWIFT_VERSION = 4.0;
				TARGETED_DEVICE_FAMILY = "1,2";
				TEST_HOST = "$(BUILT_PRODUCTS_DIR)/InvestimentApp.app/InvestimentApp";
			};
			name = Debug;
		};
		584860F5239C3BB20051F12E /* Release */ = {
			isa = XCBuildConfiguration;
			baseConfigurationReference = 33F015C324C6724246A14384 /* Pods-InvestimentAppTests.release.xcconfig */;
			buildSettings = {
				ALWAYS_EMBED_SWIFT_STANDARD_LIBRARIES = YES;
				BUNDLE_LOADER = "$(TEST_HOST)";
				CODE_SIGN_STYLE = Automatic;
				DEVELOPMENT_TEAM = FPH78JW9WA;
				INFOPLIST_FILE = InvestimentAppTests/Info.plist;
				IPHONEOS_DEPLOYMENT_TARGET = 13.2;
				LD_RUNPATH_SEARCH_PATHS = (
					"$(inherited)",
					"@executable_path/Frameworks",
					"@loader_path/Frameworks",
				);
				PRODUCT_BUNDLE_IDENTIFIER = com.israel3D.InvestimentAppTests;
				PRODUCT_NAME = "$(TARGET_NAME)";
				SWIFT_VERSION = 4.0;
				TARGETED_DEVICE_FAMILY = "1,2";
				TEST_HOST = "$(BUILT_PRODUCTS_DIR)/InvestimentApp.app/InvestimentApp";
			};
			name = Release;
		};
/* End XCBuildConfiguration section */

/* Begin XCConfigurationList section */
		584860CC239C3BAF0051F12E /* Build configuration list for PBXProject "InvestimentApp" */ = {
			isa = XCConfigurationList;
			buildConfigurations = (
				584860EE239C3BB20051F12E /* Debug */,
				584860EF239C3BB20051F12E /* Release */,
			);
			defaultConfigurationIsVisible = 0;
			defaultConfigurationName = Release;
		};
		584860F0239C3BB20051F12E /* Build configuration list for PBXNativeTarget "InvestimentApp" */ = {
			isa = XCConfigurationList;
			buildConfigurations = (
				584860F1239C3BB20051F12E /* Debug */,
				584860F2239C3BB20051F12E /* Release */,
			);
			defaultConfigurationIsVisible = 0;
			defaultConfigurationName = Release;
		};
		584860F3239C3BB20051F12E /* Build configuration list for PBXNativeTarget "InvestimentAppTests" */ = {
			isa = XCConfigurationList;
			buildConfigurations = (
				584860F4239C3BB20051F12E /* Debug */,
				584860F5239C3BB20051F12E /* Release */,
			);
			defaultConfigurationIsVisible = 0;
			defaultConfigurationName = Release;
		};
/* End XCConfigurationList section */
	};
	rootObject = 584860C9239C3BAF0051F12E /* Project object */;
}
